{
  "name": "agents-shire",
  "version": "1.0.47",
  "lockfileVersion": 3,
  "requires": true,
  "packages": {
    "": {
      "name": "agents-shire",
      "version": "1.0.47",
      "license": "MIT",
      "bin": {
        "shire": "bin/shire"
      },
      "optionalDependencies": {
        "@agents-shire/cli-darwin-arm64": "1.0.47",
        "@agents-shire/cli-darwin-x64": "1.0.47",
        "@agents-shire/cli-linux-arm64": "1.0.47",
        "@agents-shire/cli-linux-x64": "1.0.47",
        "@agents-shire/cli-win32-x64": "1.0.47"
      }
    },
    "node_modules/@agents-shire/cli-darwin-arm64": {
      "version": "1.0.47",
      "resolved": "https://registry.npmjs.org/@agents-shire/cli-darwin-arm64/-/cli-darwin-arm64-1.0.47.tgz",
      "integrity": "sha512-9xjO13y2r9P4Fskbo53L4XTIKnRzmx0wkc350JgksvVxFv2ghtvsZXX0mA+PN6VC17CgsVbXwfE3ZB2YUUI6Zw==",
      "cpu": [
        "arm64"
      ],
      "license": "MIT",
      "optional": true,
      "os": [
        "darwin"
      ],
      "bin": {
        "shire": "shire"
      }
    },
    "node_modules/@agents-shire/cli-darwin-x64": {
      "version": "1.0.47",
      "resolved": "https://registry.npmjs.org/@agents-shire/cli-darwin-x64/-/cli-darwin-x64-1.0.47.tgz",
      "integrity": "sha512-Yld+J9kdcqrhx5zP9iTOCqmObBGRDmD6Bp1rG2c+W3nH1oK0WosBPOnguwy0jysBLUUCD26L0crBb4lDe9dw0Q==",
      "cpu": [
        "x64"
      ],
      "license": "MIT",
      "optional": true,
      "os": [
        "darwin"
      ],
      "bin": {
        "shire": "shire"
      }
    },
    "node_modules/@agents-shire/cli-linux-arm64": {
      "version": "1.0.47",
      "resolved": "https://registry.npmjs.org/@agents-shire/cli-linux-arm64/-/cli-linux-arm64-1.0.47.tgz",
      "integrity": "sha512-QhrNFqyfO352SVzs4raOdLmdeyMO4KWjLb0WaYVnqgXCtSsg+uoCdgPXwl9IsfBCggH8Dw3pa6fCAOI6Y6VQ+g==",
      "cpu": [
        "arm64"
      ],
      "license": "MIT",
      "optional": true,
      "os": [
        "linux"
      ],
      "bin": {
        "shire": "shire"
      }
    },
    "node_modules/@agents-shire/cli-linux-x64": {
      "version": "1.0.47",
      "resolved": "https://registry.npmjs.org/@agents-shire/cli-linux-x64/-/cli-linux-x64-1.0.47.tgz",
      "integrity": "sha512-YoLgW7/fxirBw5+30Rnbwi0TdOpooWrk8VbHOBXUPD6qXYUhSLVZLWfRNyFyi3D33tvjGCSE0s4e3R0JHsL8xQ==",
      "cpu": [
        "x64"
      ],
      "license": "MIT",
      "optional": true,
      "os": [
        "linux"
      ],
      "bin": {
        "shire": "shire"
      }
    },
    "node_modules/@agents-shire/cli-win32-x64": {
      "version": "1.0.47",
      "resolved": "https://registry.npmjs.org/@agents-shire/cli-win32-x64/-/cli-win32-x64-1.0.47.tgz",
      "integrity": "sha512-OK3v/FFGNfywoj9LUI8iPQC1MFQ0HlgFQgMWm/e8ShajGFcuoRS4OWBYyQSX5SIdMRdVz8oG0pFKlSN4S0Kgqw==",
      "cpu": [
        "x64"
      ],
      "license": "MIT",
      "optional": true,
      "os": [
        "win32"
      ],
      "bin": {
        "shire": "shire.exe"
      }
    }
  }
}
